// !$*UTF8*$!
{
	archiveVersion = 1;
	classes = {
	};
	objectVersion = 46;
	objects = {

/* Begin PBXBuildFile section */
		ED3C10BB19395FF700121EF7 /* AHRDetailViewController.m in Sources */ = {isa = PBXBuildFile; fileRef = ED3C10B919395FF700121EF7 /* AHRDetailViewController.m */; };
		ED3C10BC19395FF700121EF7 /* AHRDetailViewController.xib in Resources */ = {isa = PBXBuildFile; fileRef = ED3C10BA19395FF700121EF7 /* AHRDetailViewController.xib */; };
		ED3C10BF19396D8E00121EF7 /* AHRImageStore.m in Sources */ = {isa = PBXBuildFile; fileRef = ED3C10BE19396D8E00121EF7 /* AHRImageStore.m */; };
		ED7B75E3193933DA00C9EE4A /* Foundation.framework in Frameworks */ = {isa = PBXBuildFile; fileRef = ED7B75E2193933DA00C9EE4A /* Foundation.framework */; };
		ED7B75E5193933DA00C9EE4A /* CoreGraphics.framework in Frameworks */ = {isa = PBXBuildFile; fileRef = ED7B75E4193933DA00C9EE4A /* CoreGraphics.framework */; };
		ED7B75E7193933DA00C9EE4A /* UIKit.framework in Frameworks */ = {isa = PBXBuildFile; fileRef = ED7B75E6193933DA00C9EE4A /* UIKit.framework */; };
		ED7B75ED193933DA00C9EE4A /* InfoPlist.strings in Resources */ = {isa = PBXBuildFile; fileRef = ED7B75EB193933DA00C9EE4A /* InfoPlist.strings */; };
		ED7B75EF193933DA00C9EE4A /* main.m in Sources */ = {isa = PBXBuildFile; fileRef = ED7B75EE193933DA00C9EE4A /* main.m */; };
		ED7B75F3193933DA00C9EE4A /* AHRAppDelegate.m in Sources */ = {isa = PBXBuildFile; fileRef = ED7B75F2193933DA00C9EE4A /* AHRAppDelegate.m */; };
		ED7B75F5193933DA00C9EE4A /* Images.xcassets in Resources */ = {isa = PBXBuildFile; fileRef = ED7B75F4193933DA00C9EE4A /* Images.xcassets */; };
		ED7B75FC193933DA00C9EE4A /* XCTest.framework in Frameworks */ = {isa = PBXBuildFile; fileRef = ED7B75FB193933DA00C9EE4A /* XCTest.framework */; };
		ED7B75FD193933DA00C9EE4A /* Foundation.framework in Frameworks */ = {isa = PBXBuildFile; fileRef = ED7B75E2193933DA00C9EE4A /* Foundation.framework */; };
		ED7B75FE193933DA00C9EE4A /* UIKit.framework in Frameworks */ = {isa = PBXBuildFile; fileRef = ED7B75E6193933DA00C9EE4A /* UIKit.framework */; };
		ED7B7606193933DA00C9EE4A /* InfoPlist.strings in Resources */ = {isa = PBXBuildFile; fileRef = ED7B7604193933DA00C9EE4A /* InfoPlist.strings */; };
		ED7B7608193933DA00C9EE4A /* HomepwnerTests.m in Sources */ = {isa = PBXBuildFile; fileRef = ED7B7607193933DA00C9EE4A /* HomepwnerTests.m */; };
		ED7B76131939342B00C9EE4A /* AHRItemsViewController.m in Sources */ = {isa = PBXBuildFile; fileRef = ED7B76121939342B00C9EE4A /* AHRItemsViewController.m */; };
		ED7B76191939361200C9EE4A /* BNRItem.m in Sources */ = {isa = PBXBuildFile; fileRef = ED7B76181939361200C9EE4A /* BNRItem.m */; };
		ED7B761C1939369100C9EE4A /* AHRItemStore.m in Sources */ = {isa = PBXBuildFile; fileRef = ED7B761B1939369100C9EE4A /* AHRItemStore.m */; };
/* End PBXBuildFile section */

/* Begin PBXContainerItemProxy section */
		ED7B75FF193933DA00C9EE4A /* PBXContainerItemProxy */ = {
			isa = PBXContainerItemProxy;
			containerPortal = ED7B75D7193933DA00C9EE4A /* Project object */;
			proxyType = 1;
			remoteGlobalIDString = ED7B75DE193933DA00C9EE4A;
			remoteInfo = Homepwner;
		};
/* End PBXContainerItemProxy section */

/* Begin PBXFileReference section */
		ED3C10B819395FF700121EF7 /* AHRDetailViewController.h */ = {isa = PBXFileReference; fileEncoding = 4; lastKnownFileType = sourcecode.c.h; path = AHRDetailViewController.h; sourceTree = "<group>"; };
		ED3C10B919395FF700121EF7 /* AHRDetailViewController.m */ = {isa = PBXFileReference; fileEncoding = 4; lastKnownFileType = sourcecode.c.objc; path = AHRDetailViewController.m; sourceTree = "<group>"; };
		ED3C10BA19395FF700121EF7 /* AHRDetailViewController.xib */ = {isa = PBXFileReference; fileEncoding = 4; lastKnownFileType = file.xib; path = AHRDetailViewController.xib; sourceTree = "<group>"; };
		ED3C10BD19396D8E00121EF7 /* AHRImageStore.h */ = {isa = PBXFileReference; fileEncoding = 4; lastKnownFileType = sourcecode.c.h; path = AHRImageStore.h; sourceTree = "<group>"; };
		ED3C10BE19396D8E00121EF7 /* AHRImageStore.m */ = {isa = PBXFileReference; fileEncoding = 4; lastKnownFileType = sourcecode.c.objc; path = AHRImageStore.m; sourceTree = "<group>"; };
		ED7B75DF193933DA00C9EE4A /* Homepwner.app */ = {isa = PBXFileReference; explicitFileType = wrapper.application; includeInIndex = 0; path = Homepwner.app; sourceTree = BUILT_PRODUCTS_DIR; };
		ED7B75E2193933DA00C9EE4A /* Foundation.framework */ = {isa = PBXFileReference; lastKnownFileType = wrapper.framework; name = Foundation.framework; path = System/Library/Frameworks/Foundation.framework; sourceTree = SDKROOT; };
		ED7B75E4193933DA00C9EE4A /* CoreGraphics.framework */ = {isa = PBXFileReference; lastKnownFileType = wrapper.framework; name = CoreGraphics.framework; path = System/Library/Frameworks/CoreGraphics.framework; sourceTree = SDKROOT; };
		ED7B75E6193933DA00C9EE4A /* UIKit.framework */ = {isa = PBXFileReference; lastKnownFileType = wrapper.framework; name = UIKit.framework; path = System/Library/Frameworks/UIKit.framework; sourceTree = SDKROOT; };
		ED7B75EA193933DA00C9EE4A /* Homepwner-Info.plist */ = {isa = PBXFileReference; lastKnownFileType = text.plist.xml; path = "Homepwner-Info.plist"; sourceTree = "<group>"; };
		ED7B75EC193933DA00C9EE4A /* en */ = {isa = PBXFileReference; lastKnownFileType = text.plist.strings; name = en; path = en.lproj/InfoPlist.strings; sourceTree = "<group>"; };
		ED7B75EE193933DA00C9EE4A /* main.m */ = {isa = PBXFileReference; lastKnownFileType = sourcecode.c.objc; path = main.m; sourceTree = "<group>"; };
		ED7B75F0193933DA00C9EE4A /* Homepwner-Prefix.pch */ = {isa = PBXFileReference; lastKnownFileType = sourcecode.c.h; path = "Homepwner-Prefix.pch"; sourceTree = "<group>"; };
		ED7B75F1193933DA00C9EE4A /* AHRAppDelegate.h */ = {isa = PBXFileReference; lastKnownFileType = sourcecode.c.h; path = AHRAppDelegate.h; sourceTree = "<group>"; };
		ED7B75F2193933DA00C9EE4A /* AHRAppDelegate.m */ = {isa = PBXFileReference; lastKnownFileType = sourcecode.c.objc; path = AHRAppDelegate.m; sourceTree = "<group>"; };
		ED7B75F4193933DA00C9EE4A /* Images.xcassets */ = {isa = PBXFileReference; lastKnownFileType = folder.assetcatalog; path = Images.xcassets; sourceTree = "<group>"; };
		ED7B75FA193933DA00C9EE4A /* HomepwnerTests.xctest */ = {isa = PBXFileReference; explicitFileType = wrapper.cfbundle; includeInIndex = 0; path = HomepwnerTests.xctest; sourceTree = BUILT_PRODUCTS_DIR; };
		ED7B75FB193933DA00C9EE4A /* XCTest.framework */ = {isa = PBXFileReference; lastKnownFileType = wrapper.framework; name = XCTest.framework; path = Library/Frameworks/XCTest.framework; sourceTree = DEVELOPER_DIR; };
		ED7B7603193933DA00C9EE4A /* HomepwnerTests-Info.plist */ = {isa = PBXFileReference; lastKnownFileType = text.plist.xml; path = "HomepwnerTests-Info.plist"; sourceTree = "<group>"; };
		ED7B7605193933DA00C9EE4A /* en */ = {isa = PBXFileReference; lastKnownFileType = text.plist.strings; name = en; path = en.lproj/InfoPlist.strings; sourceTree = "<group>"; };
		ED7B7607193933DA00C9EE4A /* HomepwnerTests.m */ = {isa = PBXFileReference; lastKnownFileType = sourcecode.c.objc; path = HomepwnerTests.m; sourceTree = "<group>"; };
		ED7B76111939342B00C9EE4A /* AHRItemsViewController.h */ = {isa = PBXFileReference; fileEncoding = 4; lastKnownFileType = sourcecode.c.h; path = AHRItemsViewController.h; sourceTree = "<group>"; };
		ED7B76121939342B00C9EE4A /* AHRItemsViewController.m */ = {isa = PBXFileReference; fileEncoding = 4; lastKnownFileType = sourcecode.c.objc; path = AHRItemsViewController.m; sourceTree = "<group>"; };
		ED7B76171939361200C9EE4A /* BNRItem.h */ = {isa = PBXFileReference; fileEncoding = 4; lastKnownFileType = sourcecode.c.h; path = BNRItem.h; sourceTree = "<group>"; };
		ED7B76181939361200C9EE4A /* BNRItem.m */ = {isa = PBXFileReference; fileEncoding = 4; lastKnownFileType = sourcecode.c.objc; path = BNRItem.m; sourceTree = "<group>"; };
		ED7B761A1939369100C9EE4A /* AHRItemStore.h */ = {isa = PBXFileReference; fileEncoding = 4; lastKnownFileType = sourcecode.c.h; path = AHRItemStore.h; sourceTree = "<group>"; };
		ED7B761B1939369100C9EE4A /* AHRItemStore.m */ = {isa = PBXFileReference; fileEncoding = 4; lastKnownFileType = sourcecode.c.objc; path = AHRItemStore.m; sourceTree = "<group>"; };
/* End PBXFileReference section */

/* Begin PBXFrameworksBuildPhase section */
		ED7B75DC193933DA00C9EE4A /* Frameworks */ = {
			isa = PBXFrameworksBuildPhase;
			buildActionMask = 2147483647;
			files = (
				ED7B75E5193933DA00C9EE4A /* CoreGraphics.framework in Frameworks */,
				ED7B75E7193933DA00C9EE4A /* UIKit.framework in Frameworks */,
				ED7B75E3193933DA00C9EE4A /* Foundation.framework in Frameworks */,
			);
			runOnlyForDeploymentPostprocessing = 0;
		};
		ED7B75F7193933DA00C9EE4A /* Frameworks */ = {
			isa = PBXFrameworksBuildPhase;
			buildActionMask = 2147483647;
			files = (
				ED7B75FC193933DA00C9EE4A /* XCTest.framework in Frameworks */,
				ED7B75FE193933DA00C9EE4A /* UIKit.framework in Frameworks */,
				ED7B75FD193933DA00C9EE4A /* Foundation.framework in Frameworks */,
			);
			runOnlyForDeploymentPostprocessing = 0;
		};
/* End PBXFrameworksBuildPhase section */

/* Begin PBXGroup section */
		ED7B75D6193933DA00C9EE4A = {
			isa = PBXGroup;
			children = (
				ED7B75E8193933DA00C9EE4A /* Homepwner */,
				ED7B7601193933DA00C9EE4A /* HomepwnerTests */,
				ED7B75E1193933DA00C9EE4A /* Frameworks */,
				ED7B75E0193933DA00C9EE4A /* Products */,
			);
			sourceTree = "<group>";
		};
		ED7B75E0193933DA00C9EE4A /* Products */ = {
			isa = PBXGroup;
			children = (
				ED7B75DF193933DA00C9EE4A /* Homepwner.app */,
				ED7B75FA193933DA00C9EE4A /* HomepwnerTests.xctest */,
			);
			name = Products;
			sourceTree = "<group>";
		};
		ED7B75E1193933DA00C9EE4A /* Frameworks */ = {
			isa = PBXGroup;
			children = (
				ED7B75E2193933DA00C9EE4A /* Foundation.framework */,
				ED7B75E4193933DA00C9EE4A /* CoreGraphics.framework */,
				ED7B75E6193933DA00C9EE4A /* UIKit.framework */,
				ED7B75FB193933DA00C9EE4A /* XCTest.framework */,
			);
			name = Frameworks;
			sourceTree = "<group>";
		};
		ED7B75E8193933DA00C9EE4A /* Homepwner */ = {
			isa = PBXGroup;
			children = (
				ED7B75F1193933DA00C9EE4A /* AHRAppDelegate.h */,
				ED7B75F2193933DA00C9EE4A /* AHRAppDelegate.m */,
				ED7B76171939361200C9EE4A /* BNRItem.h */,
				ED7B76181939361200C9EE4A /* BNRItem.m */,
				ED7B761A1939369100C9EE4A /* AHRItemStore.h */,
				ED7B761B1939369100C9EE4A /* AHRItemStore.m */,
				ED7B75F4193933DA00C9EE4A /* Images.xcassets */,
				ED7B75E9193933DA00C9EE4A /* Supporting Files */,
				ED7B76111939342B00C9EE4A /* AHRItemsViewController.h */,
				ED7B76121939342B00C9EE4A /* AHRItemsViewController.m */,
				ED3C10B819395FF700121EF7 /* AHRDetailViewController.h */,
				ED3C10BD19396D8E00121EF7 /* AHRImageStore.h */,
				ED3C10BE19396D8E00121EF7 /* AHRImageStore.m */,
				ED3C10B919395FF700121EF7 /* AHRDetailViewController.m */,
				ED3C10BA19395FF700121EF7 /* AHRDetailViewController.xib */,
			);
			path = Homepwner;
			sourceTree = "<group>";
		};
		ED7B75E9193933DA00C9EE4A /* Supporting Files */ = {
			isa = PBXGroup;
			children = (
				ED7B75EA193933DA00C9EE4A /* Homepwner-Info.plist */,
				ED7B75EB193933DA00C9EE4A /* InfoPlist.strings */,
				ED7B75EE193933DA00C9EE4A /* main.m */,
				ED7B75F0193933DA00C9EE4A /* Homepwner-Prefix.pch */,
			);
			name = "Supporting Files";
			sourceTree = "<group>";
		};
		ED7B7601193933DA00C9EE4A /* HomepwnerTests */ = {
			isa = PBXGroup;
			children = (
				ED7B7607193933DA00C9EE4A /* HomepwnerTests.m */,
				ED7B7602193933DA00C9EE4A /* Supporting Files */,
			);
			path = HomepwnerTests;
			sourceTree = "<group>";
		};
		ED7B7602193933DA00C9EE4A /* Supporting Files */ = {
			isa = PBXGroup;
			children = (
				ED7B7603193933DA00C9EE4A /* HomepwnerTests-Info.plist */,
				ED7B7604193933DA00C9EE4A /* InfoPlist.strings */,
			);
			name = "Supporting Files";
			sourceTree = "<group>";
		};
/* End PBXGroup section */

/* Begin PBXNativeTarget section */
		ED7B75DE193933DA00C9EE4A /* Homepwner */ = {
			isa = PBXNativeTarget;
			buildConfigurationList = ED7B760B193933DA00C9EE4A /* Build configuration list for PBXNativeTarget "Homepwner" */;
			buildPhases = (
				ED7B75DB193933DA00C9EE4A /* Sources */,
				ED7B75DC193933DA00C9EE4A /* Frameworks */,
				ED7B75DD193933DA00C9EE4A /* Resources */,
			);
			buildRules = (
			);
			dependencies = (
			);
			name = Homepwner;
			productName = Homepwner;
			productReference = ED7B75DF193933DA00C9EE4A /* Homepwner.app */;
			productType = "com.apple.product-type.application";
		};
		ED7B75F9193933DA00C9EE4A /* HomepwnerTests */ = {
			isa = PBXNativeTarget;
			buildConfigurationList = ED7B760E193933DA00C9EE4A /* Build configuration list for PBXNativeTarget "HomepwnerTests" */;
			buildPhases = (
				ED7B75F6193933DA00C9EE4A /* Sources */,
				ED7B75F7193933DA00C9EE4A /* Frameworks */,
				ED7B75F8193933DA00C9EE4A /* Resources */,
			);
			buildRules = (
			);
			dependencies = (
				ED7B7600193933DA00C9EE4A /* PBXTargetDependency */,
			);
			name = HomepwnerTests;
			productName = HomepwnerTests;
			productReference = ED7B75FA193933DA00C9EE4A /* HomepwnerTests.xctest */;
			productType = "com.apple.product-type.bundle.unit-test";
		};
/* End PBXNativeTarget section */

/* Begin PBXProject section */
		ED7B75D7193933DA00C9EE4A /* Project object */ = {
			isa = PBXProject;
			attributes = {
				CLASSPREFIX = AHR;
				LastUpgradeCheck = 0510;
				ORGANIZATIONNAME = "Adam Reis";
				TargetAttributes = {
					ED7B75F9193933DA00C9EE4A = {
						TestTargetID = ED7B75DE193933DA00C9EE4A;
					};
				};
			};
			buildConfigurationList = ED7B75DA193933DA00C9EE4A /* Build configuration list for PBXProject "Homepwner" */;
			compatibilityVersion = "Xcode 3.2";
			developmentRegion = English;
			hasScannedForEncodings = 0;
			knownRegions = (
				en,
			);
			mainGroup = ED7B75D6193933DA00C9EE4A;
			productRefGroup = ED7B75E0193933DA00C9EE4A /* Products */;
			projectDirPath = "";
			projectRoot = "";
			targets = (
				ED7B75DE193933DA00C9EE4A /* Homepwner */,
				ED7B75F9193933DA00C9EE4A /* HomepwnerTests */,
			);
		};
/* End PBXProject section */

/* Begin PBXResourcesBuildPhase section */
		ED7B75DD193933DA00C9EE4A /* Resources */ = {
			isa = PBXResourcesBuildPhase;
			buildActionMask = 2147483647;
			files = (
				ED7B75ED193933DA00C9EE4A /* InfoPlist.strings in Resources */,
				ED3C10BC19395FF700121EF7 /* AHRDetailViewController.xib in Resources */,
				ED7B75F5193933DA00C9EE4A /* Images.xcassets in Resources */,
			);
			runOnlyForDeploymentPostprocessing = 0;
		};
		ED7B75F8193933DA00C9EE4A /* Resources */ = {
			isa = PBXResourcesBuildPhase;
			buildActionMask = 2147483647;
			files = (
				ED7B7606193933DA00C9EE4A /* InfoPlist.strings in Resources */,
			);
			runOnlyForDeploymentPostprocessing = 0;
		};
/* End PBXResourcesBuildPhase section */

/* Begin PBXSourcesBuildPhase section */
		ED7B75DB193933DA00C9EE4A /* Sources */ = {
			isa = PBXSourcesBuildPhase;
			buildActionMask = 2147483647;
			files = (
				ED3C10BF19396D8E00121EF7 /* AHRImageStore.m in Sources */,
				ED7B76131939342B00C9EE4A /* AHRItemsViewController.m in Sources */,
				ED7B75F3193933DA00C9EE4A /* AHRAppDelegate.m in Sources */,
				ED7B76191939361200C9EE4A /* BNRItem.m in Sources */,
				ED3C10BB19395FF700121EF7 /* AHRDetailViewController.m in Sources */,
				ED7B761C1939369100C9EE4A /* AHRItemStore.m in Sources */,
				ED7B75EF193933DA00C9EE4A /* main.m in Sources */,
			);
			runOnlyForDeploymentPostprocessing = 0;
		};
		ED7B75F6193933DA00C9EE4A /* Sources */ = {
			isa = PBXSourcesBuildPhase;
			buildActionMask = 2147483647;
			files = (
				ED7B7608193933DA00C9EE4A /* HomepwnerTests.m in Sources */,
			);
			runOnlyForDeploymentPostprocessing = 0;
		};
/* End PBXSourcesBuildPhase section */

/* Begin PBXTargetDependency section */
		ED7B7600193933DA00C9EE4A /* PBXTargetDependency */ = {
			isa = PBXTargetDependency;
			target = ED7B75DE193933DA00C9EE4A /* Homepwner */;
			targetProxy = ED7B75FF193933DA00C9EE4A /* PBXContainerItemProxy */;
		};
/* End PBXTargetDependency section */

/* Begin PBXVariantGroup section */
		ED7B75EB193933DA00C9EE4A /* InfoPlist.strings */ = {
			isa = PBXVariantGroup;
			children = (
				ED7B75EC193933DA00C9EE4A /* en */,
			);
			name = InfoPlist.strings;
			sourceTree = "<group>";
		};
		ED7B7604193933DA00C9EE4A /* InfoPlist.strings */ = {
			isa = PBXVariantGroup;
			children = (
				ED7B7605193933DA00C9EE4A /* en */,
			);
			name = InfoPlist.strings;
			sourceTree = "<group>";
		};
/* End PBXVariantGroup section */

/* Begin XCBuildConfiguration section */
		ED7B7609193933DA00C9EE4A /* Debug */ = {
			isa = XCBuildConfiguration;
			buildSettings = {
				ALWAYS_SEARCH_USER_PATHS = NO;
				CLANG_CXX_LANGUAGE_STANDARD = "gnu++0x";
				CLANG_CXX_LIBRARY = "libc++";
				CLANG_ENABLE_MODULES = YES;
				CLANG_ENABLE_OBJC_ARC = YES;
				CLANG_WARN_BOOL_CONVERSION = YES;
				CLANG_WARN_CONSTANT_CONVERSION = YES;
				CLANG_WARN_DIRECT_OBJC_ISA_USAGE = YES_ERROR;
				CLANG_WARN_EMPTY_BODY = YES;
				CLANG_WARN_ENUM_CONVERSION = YES;
				CLANG_WARN_INT_CONVERSION = YES;
				CLANG_WARN_OBJC_ROOT_CLASS = YES_ERROR;
				CLANG_WARN__DUPLICATE_METHOD_MATCH = YES;
				"CODE_SIGN_IDENTITY[sdk=iphoneos*]" = "iPhone Developer";
				COPY_PHASE_STRIP = NO;
				GCC_C_LANGUAGE_STANDARD = gnu99;
				GCC_DYNAMIC_NO_PIC = NO;
				GCC_OPTIMIZATION_LEVEL = 0;
				GCC_PREPROCESSOR_DEFINITIONS = (
					"DEBUG=1",
					"$(inherited)",
				);
				GCC_SYMBOLS_PRIVATE_EXTERN = NO;
				GCC_WARN_64_TO_32_BIT_CONVERSION = YES;
				GCC_WARN_ABOUT_RETURN_TYPE = YES_ERROR;
				GCC_WARN_UNDECLARED_SELECTOR = YES;
				GCC_WARN_UNINITIALIZED_AUTOS = YES_AGGRESSIVE;
				GCC_WARN_UNUSED_FUNCTION = YES;
				GCC_WARN_UNUSED_VARIABLE = YES;
				IPHONEOS_DEPLOYMENT_TARGET = 7.1;
				ONLY_ACTIVE_ARCH = YES;
				SDKROOT = iphoneos;
			};
			name = Debug;
		};
		ED7B760A193933DA00C9EE4A /* Release */ = {
			isa = XCBuildConfiguration;
			buildSettings = {
				ALWAYS_SEARCH_USER_PATHS = NO;
				CLANG_CXX_LANGUAGE_STANDARD = "gnu++0x";
				CLANG_CXX_LIBRARY = "libc++";
				CLANG_ENABLE_MODULES = YES;
				CLANG_ENABLE_OBJC_ARC = YES;
				CLANG_WARN_BOOL_CONVERSION = YES;
				CLANG_WARN_CONSTANT_CONVERSION = YES;
				CLANG_WARN_DIRECT_OBJC_ISA_USAGE = YES_ERROR;
				CLANG_WARN_EMPTY_BODY = YES;
				CLANG_WARN_ENUM_CONVERSION = YES;
				CLANG_WARN_INT_CONVERSION = YES;
				CLANG_WARN_OBJC_ROOT_CLASS = YES_ERROR;
				CLANG_WARN__DUPLICATE_METHOD_MATCH = YES;
				"CODE_SIGN_IDENTITY[sdk=iphoneos*]" = "iPhone Developer";
				COPY_PHASE_STRIP = YES;
				ENABLE_NS_ASSERTIONS = NO;
				GCC_C_LANGUAGE_STANDARD = gnu99;
				GCC_WARN_64_TO_32_BIT_CONVERSION = YES;
				GCC_WARN_ABOUT_RETURN_TYPE = YES_ERROR;
				GCC_WARN_UNDECLARED_SELECTOR = YES;
				GCC_WARN_UNINITIALIZED_AUTOS = YES_AGGRESSIVE;
				GCC_WARN_UNUSED_FUNCTION = YES;
				GCC_WARN_UNUSED_VARIABLE = YES;
				IPHONEOS_DEPLOYMENT_TARGET = 7.1;
				SDKROOT = iphoneos;
				VALIDATE_PRODUCT = YES;
			};
			name = Release;
		};
		ED7B760C193933DA00C9EE4A /* Debug */ = {
			isa = XCBuildConfiguration;
			buildSettings = {
				ASSETCATALOG_COMPILER_APPICON_NAME = AppIcon;
				ASSETCATALOG_COMPILER_LAUNCHIMAGE_NAME = LaunchImage;
				GCC_PRECOMPILE_PREFIX_HEADER = YES;
				GCC_PREFIX_HEADER = "Homepwner/Homepwner-Prefix.pch";
				INFOPLIST_FILE = "Homepwner/Homepwner-Info.plist";
				PRODUCT_NAME = "$(TARGET_NAME)";
				WRAPPER_EXTENSION = app;
			};
			name = Debug;
		};
		ED7B760D193933DA00C9EE4A /* Release */ = {
			isa = XCBuildConfiguration;
			buildSettings = {
				ASSETCATALOG_COMPILER_APPICON_NAME = AppIcon;
				ASSETCATALOG_COMPILER_LAUNCHIMAGE_NAME = LaunchImage;
				GCC_PRECOMPILE_PREFIX_HEADER = YES;
				GCC_PREFIX_HEADER = "Homepwner/Homepwner-Prefix.pch";
				INFOPLIST_FILE = "Homepwner/Homepwner-Info.plist";
				PRODUCT_NAME = "$(TARGET_NAME)";
				WRAPPER_EXTENSION = app;
			};
			name = Release;
		};
		ED7B760F193933DA00C9EE4A /* Debug */ = {
			isa = XCBuildConfiguration;
			buildSettings = {
				BUNDLE_LOADER = "$(BUILT_PRODUCTS_DIR)/Homepwner.app/Homepwner";
				FRAMEWORK_SEARCH_PATHS = (
					"$(SDKROOT)/Developer/Library/Frameworks",
					"$(inherited)",
					"$(DEVELOPER_FRAMEWORKS_DIR)",
				);
				GCC_PRECOMPILE_PREFIX_HEADER = YES;
				GCC_PREFIX_HEADER = "Homepwner/Homepwner-Prefix.pch";
				GCC_PREPROCESSOR_DEFINITIONS = (
					"DEBUG=1",
					"$(inherited)",
				);
				INFOPLIST_FILE = "HomepwnerTests/HomepwnerTests-Info.plist";
				PRODUCT_NAME = "$(TARGET_NAME)";
				TEST_HOST = "$(BUNDLE_LOADER)";
				WRAPPER_EXTENSION = xctest;
			};
			name = Debug;
		};
		ED7B7610193933DA00C9EE4A /* Release */ = {
			isa = XCBuildConfiguration;
			buildSettings = {
				BUNDLE_LOADER = "$(BUILT_PRODUCTS_DIR)/Homepwner.app/Homepwner";
				FRAMEWORK_SEARCH_PATHS = (
					"$(SDKROOT)/Developer/Library/Frameworks",
					"$(inherited)",
					"$(DEVELOPER_FRAMEWORKS_DIR)",
				);
				GCC_PRECOMPILE_PREFIX_HEADER = YES;
				GCC_PREFIX_HEADER = "Homepwner/Homepwner-Prefix.pch";
				INFOPLIST_FILE = "HomepwnerTests/HomepwnerTests-Info.plist";
				PRODUCT_NAME = "$(TARGET_NAME)";
				TEST_HOST = "$(BUNDLE_LOADER)";
				WRAPPER_EXTENSION = xctest;
			};
			name = Release;
		};
/* End XCBuildConfiguration section */

/* Begin XCConfigurationList section */
		ED7B75DA193933DA00C9EE4A /* Build configuration list for PBXProject "Homepwner" */ = {
			isa = XCConfigurationList;
			buildConfigurations = (
				ED7B7609193933DA00C9EE4A /* Debug */,
				ED7B760A193933DA00C9EE4A /* Release */,
			);
			defaultConfigurationIsVisible = 0;
			defaultConfigurationName = Release;
		};
		ED7B760B193933DA00C9EE4A /* Build configuration list for PBXNativeTarget "Homepwner" */ = {
			isa = XCConfigurationList;
			buildConfigurations = (
				ED7B760C193933DA00C9EE4A /* Debug */,
				ED7B760D193933DA00C9EE4A /* Release */,
			);
			defaultConfigurationIsVisible = 0;
			defaultConfigurationName = Release;
		};
		ED7B760E193933DA00C9EE4A /* Build configuration list for PBXNativeTarget "HomepwnerTests" */ = {
			isa = XCConfigurationList;
			buildConfigurations = (
				ED7B760F193933DA00C9EE4A /* Debug */,
				ED7B7610193933DA00C9EE4A /* Release */,
			);
			defaultConfigurationIsVisible = 0;
			defaultConfigurationName = Release;
		};
/* End XCConfigurationList section */
	};
	rootObject = ED7B75D7193933DA00C9EE4A /* Project object */;
}
